
Microsoft Visual Studio Solution File, Format Version 12.00
Project("{FAE04EC0-301F-11D3-BF4B-00C04F79EFBC}") = "Examples.Api", "Examples.Api\Examples.Api.csproj", "{D7915E82-1884-4208-89BB-41666EB3F6EF}"
EndProject
Project("{FAE04EC0-301F-11D3-BF4B-00C04F79EFBC}") = "Example.Core", "Example.Core\Example.Core.csproj", "{1BA2F753-8AE0-447C-977B-C4AD15E4D64F}"
EndProject
Project("{FAE04EC0-301F-11D3-BF4B-00C04F79EFBC}") = "Example.Infrastructure", "Example.Infrastructure\Example.Infrastructure.csproj", "{F8E57093-0FFA-4CBC-9F97-7048B8323C59}"
EndProject
Project("{FAE04EC0-301F-11D3-BF4B-00C04F79EFBC}") = "Example.Repository", "Example.Repository\Example.Repository.csproj", "{843AB3E3-E677-40DF-87E0-CAE0936394B3}"
EndProject
Project("{FAE04EC0-301F-11D3-BF4B-00C04F79EFBC}") = "Example.Abstraction", "Example.Abstraction\Example.Abstraction.csproj", "{81B9CC5D-DF32-4879-9A28-DA96A3774363}"
EndProject
Global
	GlobalSection(SolutionConfigurationPlatforms) = preSolution
		Debug|Any CPU = Debug|Any CPU
		Release|Any CPU = Release|Any CPU
	EndGlobalSection
	GlobalSection(ProjectConfigurationPlatforms) = postSolution
		{D7915E82-1884-4208-89BB-41666EB3F6EF}.Debug|Any CPU.ActiveCfg = Debug|Any CPU
		{D7915E82-1884-4208-89BB-41666EB3F6EF}.Debug|Any CPU.Build.0 = Debug|Any CPU
		{D7915E82-1884-4208-89BB-41666EB3F6EF}.Release|Any CPU.ActiveCfg = Release|Any CPU
		{D7915E82-1884-4208-89BB-41666EB3F6EF}.Release|Any CPU.Build.0 = Release|Any CPU
		{1BA2F753-8AE0-447C-977B-C4AD15E4D64F}.Debug|Any CPU.ActiveCfg = Debug|Any CPU
		{1BA2F753-8AE0-447C-977B-C4AD15E4D64F}.Debug|Any CPU.Build.0 = Debug|Any CPU
		{1BA2F753-8AE0-447C-977B-C4AD15E4D64F}.Release|Any CPU.ActiveCfg = Release|Any CPU
		{1BA2F753-8AE0-447C-977B-C4AD15E4D64F}.Release|Any CPU.Build.0 = Release|Any CPU
		{F8E57093-0FFA-4CBC-9F97-7048B8323C59}.Debug|Any CPU.ActiveCfg = Debug|Any CPU
		{F8E57093-0FFA-4CBC-9F97-7048B8323C59}.Debug|Any CPU.Build.0 = Debug|Any CPU
		{F8E57093-0FFA-4CBC-9F97-7048B8323C59}.Release|Any CPU.ActiveCfg = Release|Any CPU
		{F8E57093-0FFA-4CBC-9F97-7048B8323C59}.Release|Any CPU.Build.0 = Release|Any CPU
		{843AB3E3-E677-40DF-87E0-CAE0936394B3}.Debug|Any CPU.ActiveCfg = Debug|Any CPU
		{843AB3E3-E677-40DF-87E0-CAE0936394B3}.Debug|Any CPU.Build.0 = Debug|Any CPU
		{843AB3E3-E677-40DF-87E0-CAE0936394B3}.Release|Any CPU.ActiveCfg = Release|Any CPU
		{843AB3E3-E677-40DF-87E0-CAE0936394B3}.Release|Any CPU.Build.0 = Release|Any CPU
		{81B9CC5D-DF32-4879-9A28-DA96A3774363}.Debug|Any CPU.ActiveCfg = Debug|Any CPU
		{81B9CC5D-DF32-4879-9A28-DA96A3774363}.Debug|Any CPU.Build.0 = Debug|Any CPU
		{81B9CC5D-DF32-4879-9A28-DA96A3774363}.Release|Any CPU.ActiveCfg = Release|Any CPU
		{81B9CC5D-DF32-4879-9A28-DA96A3774363}.Release|Any CPU.Build.0 = Release|Any CPU
	EndGlobalSection
EndGlobal
